# THIS IS AN AUTOGENERATED FILE. DO NOT EDIT THIS FILE DIRECTLY.
# yarn lockfile v1


"@types/get-port@^3.2.0":
  version "3.2.0"
  resolved "http://registry.npm.taobao.org/@types/get-port/download/@types/get-port-3.2.0.tgz#f9e0a11443cc21336470185eae3dfba4495d29bc"

"@types/ip@^0.0.30":
  version "0.0.30"
  resolved "http://registry.npm.taobao.org/@types/ip/download/@types/ip-0.0.30.tgz#60c3309ce1cecdd7293245bbffc201ecb6f8c344"

"@types/node@^9.4.7":
  version "9.4.7"
  resolved "http://registry.npm.taobao.org/@types/node/download/@types/node-9.4.7.tgz#57d81cd98719df2c9de118f2d5f3b1120dcd7275"

"@types/pem@^1.9.3":
  version "1.9.3"
  resolved "http://registry.npm.taobao.org/@types/pem/download/@types/pem-1.9.3.tgz#0c864c8b79e43fef6367db895f60fd1edd10e86c"

charenc@~0.0.1:
  version "0.0.2"
  resolved "http://registry.npm.taobao.org/charenc/download/charenc-0.0.2.tgz#c0a1d2f3a7092e03774bfa83f14c0fc5790a8667"

crypt@~0.0.1:
  version "0.0.2"
  resolved "http://registry.npm.taobao.org/crypt/download/crypt-0.0.2.tgz#88d7ff7ec0dfb86f713dc87bbb42d044d3e6c41b"

get-port@^3.2.0:
  version "3.2.0"
  resolved "http://registry.npm.taobao.org/get-port/download/get-port-3.2.0.tgz#dd7ce7de187c06c8bf353796ac71e099f0980ebc"

ip@^1.1.5:
  version "1.1.5"
  resolved "http://registry.npm.taobao.org/ip/download/ip-1.1.5.tgz#bdded70114290828c0a039e72ef25f5aaec4354a"

is-buffer@~1.1.1:
  version "1.1.6"
  resolved "http://registry.npm.taobao.org/is-buffer/download/is-buffer-1.1.6.tgz#efaa2ea9daa0d7ab2ea13a97b2b8ad51fefbe8be"

isexe@^2.0.0:
  version "2.0.0"
  resolved "http://registry.npm.taobao.org/isexe/download/isexe-2.0.0.tgz#e8fbf374dc556ff8947a10dcb0572d633f2cfa10"

md5@^2.2.1:
  version "2.2.1"
  resolved "http://registry.npm.taobao.org/md5/download/md5-2.2.1.tgz#53ab38d5fe3c8891ba465329ea23fac0540126f9"
  dependencies:
    charenc "~0.0.1"
    crypt "~0.0.1"
    is-buffer "~1.1.1"

os-tmpdir@^1.0.1:
  version "1.0.2"
  resolved "http://registry.npm.taobao.org/os-tmpdir/download/os-tmpdir-1.0.2.tgz#bbe67406c79aa85c5cfec766fe5734555dfa1274"

parse-domain@^2.0.0:
  version "2.0.0"
  resolved "http://registry.npm.taobao.org/parse-domain/download/parse-domain-2.0.0.tgz#e9f42f697c30f7c2051dc5c55ff4d8a80da7943c"

pem@^1.12.3:
  version "1.12.3"
  resolved "http://registry.npm.taobao.org/pem/download/pem-1.12.3.tgz#b1fb5c8b79da8d18146c27fee79b0d4ddf9905b3"
  dependencies:
    md5 "^2.2.1"
    os-tmpdir "^1.0.1"
    safe-buffer "^5.1.1"
    which "^1.2.4"

safe-buffer@^5.1.1:
  version "5.1.1"
  resolved "http://registry.npm.taobao.org/safe-buffer/download/safe-buffer-5.1.1.tgz#893312af69b2123def71f57889001671eeb2c853"

typedi@^0.7.1:
  version "0.7.1"
  resolved "http://registry.npm.taobao.org/typedi/download/typedi-0.7.1.tgz#7fd9d54e3ccbe9dce49e47651ff03a7b8a515b16"

typescript@2.8.0-rc:
  version "2.8.0-rc"
  resolved "http://registry.npm.taobao.org/typescript/download/typescript-2.8.0-rc.tgz#a0256b7d1d39fb7493ba0403f55e95d31e8bc374"

which@^1.2.4:
  version "1.3.0"
  resolved "http://registry.npm.taobao.org/which/download/which-1.3.0.tgz#ff04bdfc010ee547d780bec38e1ac1c2777d253a"
  dependencies:
    isexe "^2.0.0"
