# THIS IS AN AUTOGENERATED FILE. DO NOT EDIT THIS FILE DIRECTLY.
# yarn lockfile v1


"@types/node@^9.4.7":
  version "9.4.7"
  resolved "http://registry.npm.taobao.org/@types/node/download/@types/node-9.4.7.tgz#57d81cd98719df2c9de118f2d5f3b1120dcd7275"

align-text@^0.1.1, align-text@^0.1.3:
  version "0.1.4"
  resolved "http://registry.npm.taobao.org/align-text/download/align-text-0.1.4.tgz#0cd90a561093f35d0a99256c22b7069433fad117"
  dependencies:
    kind-of "^3.0.2"
    longest "^1.0.1"
    repeat-string "^1.5.2"

amdefine@>=0.0.4:
  version "1.0.1"
  resolved "http://registry.npm.taobao.org/amdefine/download/amdefine-1.0.1.tgz#4a5282ac164729e93619bcfd3ad151f817ce91f5"

ansi-escape-sequences@^4.0.0:
  version "4.0.0"
  resolved "http://registry.npm.taobao.org/ansi-escape-sequences/download/ansi-escape-sequences-4.0.0.tgz#e0ecb042958b71e42942d35c1fcf1d9b00a0f67e"
  dependencies:
    array-back "^2.0.0"

ansi-escapes@^3.0.0:
  version "3.0.0"
  resolved "http://registry.npm.taobao.org/ansi-escapes/download/ansi-escapes-3.0.0.tgz#ec3e8b4e9f8064fc02c3ac9b65f1c275bda8ef92"

ansi-regex@^3.0.0:
  version "3.0.0"
  resolved "http://registry.npm.taobao.org/ansi-regex/download/ansi-regex-3.0.0.tgz#ed0317c322064f79466c02966bddb605ab37d998"

ansi-styles@^3.1.0, ansi-styles@^3.2.1:
  version "3.2.1"
  resolved "http://registry.npm.taobao.org/ansi-styles/download/ansi-styles-3.2.1.tgz#41fbb20243e50b12be0f04b8dedbf07520ce841d"
  dependencies:
    color-convert "^1.9.0"

array-back@^1.0.3, array-back@^1.0.4:
  version "1.0.4"
  resolved "http://registry.npm.taobao.org/array-back/download/array-back-1.0.4.tgz#644ba7f095f7ffcf7c43b5f0dc39d3c1f03c063b"
  dependencies:
    typical "^2.6.0"

array-back@^2.0.0:
  version "2.0.0"
  resolved "http://registry.npm.taobao.org/array-back/download/array-back-2.0.0.tgz#6877471d51ecc9c9bfa6136fb6c7d5fe69748022"
  dependencies:
    typical "^2.6.1"

async@^1.4.0:
  version "1.5.2"
  resolved "http://registry.npm.taobao.org/async/download/async-1.5.2.tgz#ec6a61ae56480c0c3cb241c95618e20892f9672a"

balanced-match@^1.0.0:
  version "1.0.0"
  resolved "http://registry.npm.taobao.org/balanced-match/download/balanced-match-1.0.0.tgz#89b4d199ab2bee49de164ea02b89ce462d71b767"

brace-expansion@^1.1.7:
  version "1.1.11"
  resolved "http://registry.npm.taobao.org/brace-expansion/download/brace-expansion-1.1.11.tgz#3c7fcbf529d87226f3d2f52b966ff5271eb441dd"
  dependencies:
    balanced-match "^1.0.0"
    concat-map "0.0.1"

builtins@^1.0.3:
  version "1.0.3"
  resolved "http://registry.npm.taobao.org/builtins/download/builtins-1.0.3.tgz#cb94faeb61c8696451db36534e1422f94f0aee88"

camelcase@^1.0.2:
  version "1.2.1"
  resolved "http://registry.npm.taobao.org/camelcase/download/camelcase-1.2.1.tgz#9bb5304d2e0b56698b2c758b08a3eaa9daa58a39"

center-align@^0.1.1:
  version "0.1.3"
  resolved "http://registry.npm.taobao.org/center-align/download/center-align-0.1.3.tgz#aa0d32629b6ee972200411cbd4461c907bc2b7ad"
  dependencies:
    align-text "^0.1.3"
    lazy-cache "^1.0.3"

chalk@^2.0.0:
  version "2.3.2"
  resolved "http://registry.npm.taobao.org/chalk/download/chalk-2.3.2.tgz#250dc96b07491bfd601e648d66ddf5f60c7a5c65"
  dependencies:
    ansi-styles "^3.2.1"
    escape-string-regexp "^1.0.5"
    supports-color "^5.3.0"

chalk@~2.1.0:
  version "2.1.0"
  resolved "http://registry.npm.taobao.org/chalk/download/chalk-2.1.0.tgz#ac5becf14fa21b99c6c92ca7a7d7cfd5b17e743e"
  dependencies:
    ansi-styles "^3.1.0"
    escape-string-regexp "^1.0.5"
    supports-color "^4.0.0"

chardet@^0.4.0:
  version "0.4.2"
  resolved "http://registry.npm.taobao.org/chardet/download/chardet-0.4.2.tgz#b5473b33dc97c424e5d98dc87d55d4d8a29c8bf2"

cli-cursor@^2.1.0:
  version "2.1.0"
  resolved "http://registry.npm.taobao.org/cli-cursor/download/cli-cursor-2.1.0.tgz#b35dac376479facc3e94747d41d0d0f5238ffcb5"
  dependencies:
    restore-cursor "^2.0.0"

cli-width@^2.0.0:
  version "2.2.0"
  resolved "http://registry.npm.taobao.org/cli-width/download/cli-width-2.2.0.tgz#ff19ede8a9a5e579324147b0c11f0fbcbabed639"

cliui@^2.1.0:
  version "2.1.0"
  resolved "http://registry.npm.taobao.org/cliui/download/cliui-2.1.0.tgz#4b475760ff80264c762c3a1719032e91c7fea0d1"
  dependencies:
    center-align "^0.1.1"
    right-align "^0.1.1"
    wordwrap "0.0.2"

color-convert@^1.9.0:
  version "1.9.1"
  resolved "http://registry.npm.taobao.org/color-convert/download/color-convert-1.9.1.tgz#c1261107aeb2f294ebffec9ed9ecad529a6097ed"
  dependencies:
    color-name "^1.1.1"

color-name@^1.1.1:
  version "1.1.3"
  resolved "http://registry.npm.taobao.org/color-name/download/color-name-1.1.3.tgz#a7d0558bd89c42f795dd42328f740831ca53bc25"

command-line-args@^4.0.2:
  version "4.0.7"
  resolved "http://registry.npm.taobao.org/command-line-args/download/command-line-args-4.0.7.tgz#f8d1916ecb90e9e121eda6428e41300bfb64cc46"
  dependencies:
    array-back "^2.0.0"
    find-replace "^1.0.3"
    typical "^2.6.1"

command-line-commands@^2.0.0:
  version "2.0.1"
  resolved "http://registry.npm.taobao.org/command-line-commands/download/command-line-commands-2.0.1.tgz#c58aa13dc78c06038ed67077e57ad09a6f858f46"
  dependencies:
    array-back "^2.0.0"

command-line-usage@^4.0.0:
  version "4.1.0"
  resolved "http://registry.npm.taobao.org/command-line-usage/download/command-line-usage-4.1.0.tgz#a6b3b2e2703b4dcf8bd46ae19e118a9a52972882"
  dependencies:
    ansi-escape-sequences "^4.0.0"
    array-back "^2.0.0"
    table-layout "^0.4.2"
    typical "^2.6.1"

concat-map@0.0.1:
  version "0.0.1"
  resolved "http://registry.npm.taobao.org/concat-map/download/concat-map-0.0.1.tgz#d8a96bd77fd68df7793a73036a3ba0d5405d477b"

decamelize@^1.0.0:
  version "1.2.0"
  resolved "http://registry.npm.taobao.org/decamelize/download/decamelize-1.2.0.tgz#f6534d15148269b20352e7bee26f501f9a191290"

deep-extend@~0.5.0:
  version "0.5.0"
  resolved "http://registry.npm.taobao.org/deep-extend/download/deep-extend-0.5.0.tgz#6ef4a09b05f98b0e358d6d93d4ca3caec6672803"

escape-string-regexp@^1.0.5:
  version "1.0.5"
  resolved "http://registry.npm.taobao.org/escape-string-regexp/download/escape-string-regexp-1.0.5.tgz#1b61c0562190a8dff6ae3bb2cf0200ca130b86d4"

external-editor@^2.0.4:
  version "2.1.0"
  resolved "http://registry.npm.taobao.org/external-editor/download/external-editor-2.1.0.tgz#3d026a21b7f95b5726387d4200ac160d372c3b48"
  dependencies:
    chardet "^0.4.0"
    iconv-lite "^0.4.17"
    tmp "^0.0.33"

figures@^2.0.0:
  version "2.0.0"
  resolved "http://registry.npm.taobao.org/figures/download/figures-2.0.0.tgz#3ab1a2d2a62c8bfb431a0c94cb797a2fce27c962"
  dependencies:
    escape-string-regexp "^1.0.5"

find-replace@^1.0.3:
  version "1.0.3"
  resolved "http://registry.npm.taobao.org/find-replace/download/find-replace-1.0.3.tgz#b88e7364d2d9c959559f388c66670d6130441fa0"
  dependencies:
    array-back "^1.0.4"
    test-value "^2.1.0"

fs.realpath@^1.0.0:
  version "1.0.0"
  resolved "http://registry.npm.taobao.org/fs.realpath/download/fs.realpath-1.0.0.tgz#1504ad2523158caa40db4a2787cb01411994ea4f"

git-config@0.0.7:
  version "0.0.7"
  resolved "http://registry.npm.taobao.org/git-config/download/git-config-0.0.7.tgz#a9c8a3ef07a776c3d72261356d8b727b62202b28"
  dependencies:
    iniparser "~1.0.5"

glob@^7.0.5:
  version "7.1.2"
  resolved "http://registry.npm.taobao.org/glob/download/glob-7.1.2.tgz#c19c9df9a028702d678612384a6552404c636d15"
  dependencies:
    fs.realpath "^1.0.0"
    inflight "^1.0.4"
    inherits "2"
    minimatch "^3.0.4"
    once "^1.3.0"
    path-is-absolute "^1.0.0"

handlebars@^4.0.3:
  version "4.0.11"
  resolved "http://registry.npm.taobao.org/handlebars/download/handlebars-4.0.11.tgz#630a35dfe0294bc281edae6ffc5d329fc7982dcc"
  dependencies:
    async "^1.4.0"
    optimist "^0.6.1"
    source-map "^0.4.4"
  optionalDependencies:
    uglify-js "^2.6"

has-flag@^2.0.0:
  version "2.0.0"
  resolved "http://registry.npm.taobao.org/has-flag/download/has-flag-2.0.0.tgz#e8207af1cc7b30d446cc70b734b5e8be18f88d51"

has-flag@^3.0.0:
  version "3.0.0"
  resolved "http://registry.npm.taobao.org/has-flag/download/has-flag-3.0.0.tgz#b5d454dc2199ae225699f3467e5a07f3b955bafd"

iconv-lite@^0.4.17:
  version "0.4.19"
  resolved "http://registry.npm.taobao.org/iconv-lite/download/iconv-lite-0.4.19.tgz#f7468f60135f5e5dad3399c0a81be9a1603a082b"

inflight@^1.0.4:
  version "1.0.6"
  resolved "http://registry.npm.taobao.org/inflight/download/inflight-1.0.6.tgz#49bd6331d7d02d0c09bc910a1075ba8165b56df9"
  dependencies:
    once "^1.3.0"
    wrappy "1"

inherits@2:
  version "2.0.3"
  resolved "http://registry.npm.taobao.org/inherits/download/inherits-2.0.3.tgz#633c2c83e3da42a502f52466022480f4208261de"

iniparser@~1.0.5:
  version "1.0.5"
  resolved "http://registry.npm.taobao.org/iniparser/download/iniparser-1.0.5.tgz#836d6befe6dfbfcee0bccf1cf9f2acc7027f783d"

inquirer@^3.0.6:
  version "3.3.0"
  resolved "http://registry.npm.taobao.org/inquirer/download/inquirer-3.3.0.tgz#9dd2f2ad765dcab1ff0443b491442a20ba227dc9"
  dependencies:
    ansi-escapes "^3.0.0"
    chalk "^2.0.0"
    cli-cursor "^2.1.0"
    cli-width "^2.0.0"
    external-editor "^2.0.4"
    figures "^2.0.0"
    lodash "^4.3.0"
    mute-stream "0.0.7"
    run-async "^2.2.0"
    rx-lite "^4.0.8"
    rx-lite-aggregates "^4.0.8"
    string-width "^2.1.0"
    strip-ansi "^4.0.0"
    through "^2.3.6"

is-buffer@^1.1.5:
  version "1.1.6"
  resolved "http://registry.npm.taobao.org/is-buffer/download/is-buffer-1.1.6.tgz#efaa2ea9daa0d7ab2ea13a97b2b8ad51fefbe8be"

is-fullwidth-code-point@^2.0.0:
  version "2.0.0"
  resolved "http://registry.npm.taobao.org/is-fullwidth-code-point/download/is-fullwidth-code-point-2.0.0.tgz#a3b30a5c4f199183167aaab93beefae3ddfb654f"

is-promise@^2.1.0:
  version "2.1.0"
  resolved "http://registry.npm.taobao.org/is-promise/download/is-promise-2.1.0.tgz#79a2a9ece7f096e80f36d2b2f3bc16c1ff4bf3fa"

kind-of@^3.0.2:
  version "3.2.2"
  resolved "http://registry.npm.taobao.org/kind-of/download/kind-of-3.2.2.tgz#31ea21a734bab9bbb0f32466d893aea51e4a3c64"
  dependencies:
    is-buffer "^1.1.5"

lazy-cache@^1.0.3:
  version "1.0.4"
  resolved "http://registry.npm.taobao.org/lazy-cache/download/lazy-cache-1.0.4.tgz#a1d78fc3a50474cb80845d3b3b6e1da49a446e8e"

lodash.padend@^4.6.1:
  version "4.6.1"
  resolved "http://registry.npm.taobao.org/lodash.padend/download/lodash.padend-4.6.1.tgz#53ccba047d06e158d311f45da625f4e49e6f166e"

lodash@^4.3.0:
  version "4.17.5"
  resolved "http://registry.npm.taobao.org/lodash/download/lodash-4.17.5.tgz#99a92d65c0272debe8c96b6057bc8fbfa3bed511"

longest@^1.0.1:
  version "1.0.1"
  resolved "http://registry.npm.taobao.org/longest/download/longest-1.0.1.tgz#30a0b2da38f73770e8294a0d22e6625ed77d0097"

mimic-fn@^1.0.0:
  version "1.2.0"
  resolved "http://registry.npm.taobao.org/mimic-fn/download/mimic-fn-1.2.0.tgz#820c86a39334640e99516928bd03fca88057d022"

minimatch@^3.0.4:
  version "3.0.4"
  resolved "http://registry.npm.taobao.org/minimatch/download/minimatch-3.0.4.tgz#5166e286457f03306064be5497e8dbb0c3d32083"
  dependencies:
    brace-expansion "^1.1.7"

minimist@0.0.8:
  version "0.0.8"
  resolved "http://registry.npm.taobao.org/minimist/download/minimist-0.0.8.tgz#857fcabfc3397d2625b8228262e86aa7a011b05d"

minimist@~0.0.1:
  version "0.0.10"
  resolved "http://registry.npm.taobao.org/minimist/download/minimist-0.0.10.tgz#de3f98543dbf96082be48ad1a0c7cda836301dcf"

mkdirp@^0.5.1, mkdirp@~0.5.0:
  version "0.5.1"
  resolved "http://registry.npm.taobao.org/mkdirp/download/mkdirp-0.5.1.tgz#30057438eac6cf7f8c4767f38648d6697d75c903"
  dependencies:
    minimist "0.0.8"

mute-stream@0.0.7:
  version "0.0.7"
  resolved "http://registry.npm.taobao.org/mute-stream/download/mute-stream-0.0.7.tgz#3075ce93bc21b8fab43e1bc4da7e8115ed1e7bab"

neon-cli@^0.1.22:
  version "0.1.22"
  resolved "http://registry.npm.taobao.org/neon-cli/download/neon-cli-0.1.22.tgz#1b2ecc978cd421acc47a9125f876a1a6d7baf0ef"
  dependencies:
    chalk "~2.1.0"
    command-line-args "^4.0.2"
    command-line-commands "^2.0.0"
    command-line-usage "^4.0.0"
    git-config "0.0.7"
    handlebars "^4.0.3"
    inquirer "^3.0.6"
    mkdirp "^0.5.1"
    quickly-copy-file "^1.0.0"
    rimraf "^2.6.1"
    rsvp "^4.6.1"
    semver "^5.1.0"
    toml "^2.3.0"
    ts-typed-json "^0.2.2"
    validate-npm-package-license "^3.0.1"
    validate-npm-package-name "^3.0.0"

once@^1.3.0:
  version "1.4.0"
  resolved "http://registry.npm.taobao.org/once/download/once-1.4.0.tgz#583b1aa775961d4b113ac17d9c50baef9dd76bd1"
  dependencies:
    wrappy "1"

onetime@^2.0.0:
  version "2.0.1"
  resolved "http://registry.npm.taobao.org/onetime/download/onetime-2.0.1.tgz#067428230fd67443b2794b22bba528b6867962d4"
  dependencies:
    mimic-fn "^1.0.0"

optimist@^0.6.1:
  version "0.6.1"
  resolved "http://registry.npm.taobao.org/optimist/download/optimist-0.6.1.tgz#da3ea74686fa21a19a111c326e90eb15a0196686"
  dependencies:
    minimist "~0.0.1"
    wordwrap "~0.0.2"

os-tmpdir@~1.0.2:
  version "1.0.2"
  resolved "http://registry.npm.taobao.org/os-tmpdir/download/os-tmpdir-1.0.2.tgz#bbe67406c79aa85c5cfec766fe5734555dfa1274"

path-is-absolute@^1.0.0:
  version "1.0.1"
  resolved "http://registry.npm.taobao.org/path-is-absolute/download/path-is-absolute-1.0.1.tgz#174b9268735534ffbc7ace6bf53a5a9e1b5c5f5f"

quickly-copy-file@^1.0.0:
  version "1.0.0"
  resolved "http://registry.npm.taobao.org/quickly-copy-file/download/quickly-copy-file-1.0.0.tgz#9f8ff066230510ee7422b0121472b093a8690859"
  dependencies:
    mkdirp "~0.5.0"

reduce-flatten@^1.0.1:
  version "1.0.1"
  resolved "http://registry.npm.taobao.org/reduce-flatten/download/reduce-flatten-1.0.1.tgz#258c78efd153ddf93cb561237f61184f3696e327"

reflect-metadata@^0.1.12:
  version "0.1.12"
  resolved "http://registry.npm.taobao.org/reflect-metadata/download/reflect-metadata-0.1.12.tgz#311bf0c6b63cd782f228a81abe146a2bfa9c56f2"

repeat-string@^1.5.2:
  version "1.6.1"
  resolved "http://registry.npm.taobao.org/repeat-string/download/repeat-string-1.6.1.tgz#8dcae470e1c88abc2d600fff4a776286da75e637"

restore-cursor@^2.0.0:
  version "2.0.0"
  resolved "http://registry.npm.taobao.org/restore-cursor/download/restore-cursor-2.0.0.tgz#9f7ee287f82fd326d4fd162923d62129eee0dfaf"
  dependencies:
    onetime "^2.0.0"
    signal-exit "^3.0.2"

right-align@^0.1.1:
  version "0.1.3"
  resolved "http://registry.npm.taobao.org/right-align/download/right-align-0.1.3.tgz#61339b722fe6a3515689210d24e14c96148613ef"
  dependencies:
    align-text "^0.1.1"

rimraf@^2.6.1:
  version "2.6.2"
  resolved "http://registry.npm.taobao.org/rimraf/download/rimraf-2.6.2.tgz#2ed8150d24a16ea8651e6d6ef0f47c4158ce7a36"
  dependencies:
    glob "^7.0.5"

rsvp@^3.5.0:
  version "3.6.2"
  resolved "http://registry.npm.taobao.org/rsvp/download/rsvp-3.6.2.tgz#2e96491599a96cde1b515d5674a8f7a91452926a"

rsvp@^4.6.1:
  version "4.8.2"
  resolved "http://registry.npm.taobao.org/rsvp/download/rsvp-4.8.2.tgz#9d5647108735784eb13418cdddb56f75b919d722"

run-async@^2.2.0:
  version "2.3.0"
  resolved "http://registry.npm.taobao.org/run-async/download/run-async-2.3.0.tgz#0371ab4ae0bdd720d4166d7dfda64ff7a445a6c0"
  dependencies:
    is-promise "^2.1.0"

rx-lite-aggregates@^4.0.8:
  version "4.0.8"
  resolved "http://registry.npm.taobao.org/rx-lite-aggregates/download/rx-lite-aggregates-4.0.8.tgz#753b87a89a11c95467c4ac1626c4efc4e05c67be"
  dependencies:
    rx-lite "*"

rx-lite@*, rx-lite@^4.0.8:
  version "4.0.8"
  resolved "http://registry.npm.taobao.org/rx-lite/download/rx-lite-4.0.8.tgz#0b1e11af8bc44836f04a6407e92da42467b79444"

semver@^5.1.0:
  version "5.5.0"
  resolved "http://registry.npm.taobao.org/semver/download/semver-5.5.0.tgz#dc4bbc7a6ca9d916dee5d43516f0092b58f7b8ab"

signal-exit@^3.0.2:
  version "3.0.2"
  resolved "http://registry.npm.taobao.org/signal-exit/download/signal-exit-3.0.2.tgz#b5fdc08f1287ea1178628e415e25132b73646c6d"

source-map@^0.4.4:
  version "0.4.4"
  resolved "http://registry.npm.taobao.org/source-map/download/source-map-0.4.4.tgz#eba4f5da9c0dc999de68032d8b4f76173652036b"
  dependencies:
    amdefine ">=0.0.4"

source-map@~0.5.1:
  version "0.5.7"
  resolved "http://registry.npm.taobao.org/source-map/download/source-map-0.5.7.tgz#8a039d2d1021d22d1ea14c80d8ea468ba2ef3fcc"

spdx-correct@^3.0.0:
  version "3.0.0"
  resolved "http://registry.npm.taobao.org/spdx-correct/download/spdx-correct-3.0.0.tgz#05a5b4d7153a195bc92c3c425b69f3b2a9524c82"
  dependencies:
    spdx-expression-parse "^3.0.0"
    spdx-license-ids "^3.0.0"

spdx-exceptions@^2.1.0:
  version "2.1.0"
  resolved "http://registry.npm.taobao.org/spdx-exceptions/download/spdx-exceptions-2.1.0.tgz#2c7ae61056c714a5b9b9b2b2af7d311ef5c78fe9"

spdx-expression-parse@^3.0.0:
  version "3.0.0"
  resolved "http://registry.npm.taobao.org/spdx-expression-parse/download/spdx-expression-parse-3.0.0.tgz#99e119b7a5da00e05491c9fa338b7904823b41d0"
  dependencies:
    spdx-exceptions "^2.1.0"
    spdx-license-ids "^3.0.0"

spdx-license-ids@^3.0.0:
  version "3.0.0"
  resolved "http://registry.npm.taobao.org/spdx-license-ids/download/spdx-license-ids-3.0.0.tgz#7a7cd28470cc6d3a1cfe6d66886f6bc430d3ac87"

string-width@^2.1.0:
  version "2.1.1"
  resolved "http://registry.npm.taobao.org/string-width/download/string-width-2.1.1.tgz#ab93f27a8dc13d28cac815c462143a6d9012ae9e"
  dependencies:
    is-fullwidth-code-point "^2.0.0"
    strip-ansi "^4.0.0"

strip-ansi@^4.0.0:
  version "4.0.0"
  resolved "http://registry.npm.taobao.org/strip-ansi/download/strip-ansi-4.0.0.tgz#a8479022eb1ac368a871389b635262c505ee368f"
  dependencies:
    ansi-regex "^3.0.0"

supports-color@^4.0.0:
  version "4.5.0"
  resolved "http://registry.npm.taobao.org/supports-color/download/supports-color-4.5.0.tgz#be7a0de484dec5c5cddf8b3d59125044912f635b"
  dependencies:
    has-flag "^2.0.0"

supports-color@^5.3.0:
  version "5.3.0"
  resolved "http://registry.npm.taobao.org/supports-color/download/supports-color-5.3.0.tgz#5b24ac15db80fa927cf5227a4a33fd3c4c7676c0"
  dependencies:
    has-flag "^3.0.0"

table-layout@^0.4.2:
  version "0.4.3"
  resolved "http://registry.npm.taobao.org/table-layout/download/table-layout-0.4.3.tgz#07509e1d72599f2c128a58ac67682ec4ba002af0"
  dependencies:
    array-back "^2.0.0"
    deep-extend "~0.5.0"
    lodash.padend "^4.6.1"
    typical "^2.6.1"
    wordwrapjs "^3.0.0"

test-value@^2.1.0:
  version "2.1.0"
  resolved "http://registry.npm.taobao.org/test-value/download/test-value-2.1.0.tgz#11da6ff670f3471a73b625ca4f3fdcf7bb748291"
  dependencies:
    array-back "^1.0.3"
    typical "^2.6.0"

through@^2.3.6:
  version "2.3.8"
  resolved "http://registry.npm.taobao.org/through/download/through-2.3.8.tgz#0dd4c9ffaabc357960b1b724115d7e0e86a2e1f5"

tmp@^0.0.33:
  version "0.0.33"
  resolved "http://registry.npm.taobao.org/tmp/download/tmp-0.0.33.tgz#6d34335889768d21b2bcda0aa277ced3b1bfadf9"
  dependencies:
    os-tmpdir "~1.0.2"

toml@^2.3.0:
  version "2.3.3"
  resolved "http://registry.npm.taobao.org/toml/download/toml-2.3.3.tgz#8d683d729577cb286231dfc7a8affe58d31728fb"

ts-typed-json@^0.2.2:
  version "0.2.2"
  resolved "http://registry.npm.taobao.org/ts-typed-json/download/ts-typed-json-0.2.2.tgz#53184bee893e45991b73c8c463a38b59e27cd47e"
  dependencies:
    rsvp "^3.5.0"

typedi@^0.7.1:
  version "0.7.1"
  resolved "http://registry.npm.taobao.org/typedi/download/typedi-0.7.1.tgz#7fd9d54e3ccbe9dce49e47651ff03a7b8a515b16"

typescript@2.8.0-rc:
  version "2.8.0-rc"
  resolved "http://registry.npm.taobao.org/typescript/download/typescript-2.8.0-rc.tgz#a0256b7d1d39fb7493ba0403f55e95d31e8bc374"

typical@^2.6.0, typical@^2.6.1:
  version "2.6.1"
  resolved "http://registry.npm.taobao.org/typical/download/typical-2.6.1.tgz#5c080e5d661cbbe38259d2e70a3c7253e873881d"

uglify-js@^2.6:
  version "2.8.29"
  resolved "http://registry.npm.taobao.org/uglify-js/download/uglify-js-2.8.29.tgz#29c5733148057bb4e1f75df35b7a9cb72e6a59dd"
  dependencies:
    source-map "~0.5.1"
    yargs "~3.10.0"
  optionalDependencies:
    uglify-to-browserify "~1.0.0"

uglify-to-browserify@~1.0.0:
  version "1.0.2"
  resolved "http://registry.npm.taobao.org/uglify-to-browserify/download/uglify-to-browserify-1.0.2.tgz#6e0924d6bda6b5afe349e39a6d632850a0f882b7"

validate-npm-package-license@^3.0.1:
  version "3.0.3"
  resolved "http://registry.npm.taobao.org/validate-npm-package-license/download/validate-npm-package-license-3.0.3.tgz#81643bcbef1bdfecd4623793dc4648948ba98338"
  dependencies:
    spdx-correct "^3.0.0"
    spdx-expression-parse "^3.0.0"

validate-npm-package-name@^3.0.0:
  version "3.0.0"
  resolved "http://registry.npm.taobao.org/validate-npm-package-name/download/validate-npm-package-name-3.0.0.tgz#5fa912d81eb7d0c74afc140de7317f0ca7df437e"
  dependencies:
    builtins "^1.0.3"

window-size@0.1.0:
  version "0.1.0"
  resolved "http://registry.npm.taobao.org/window-size/download/window-size-0.1.0.tgz#5438cd2ea93b202efa3a19fe8887aee7c94f9c9d"

wordwrap@0.0.2:
  version "0.0.2"
  resolved "http://registry.npm.taobao.org/wordwrap/download/wordwrap-0.0.2.tgz#b79669bb42ecb409f83d583cad52ca17eaa1643f"

wordwrap@~0.0.2:
  version "0.0.3"
  resolved "http://registry.npm.taobao.org/wordwrap/download/wordwrap-0.0.3.tgz#a3d5da6cd5c0bc0008d37234bbaf1bed63059107"

wordwrapjs@^3.0.0:
  version "3.0.0"
  resolved "http://registry.npm.taobao.org/wordwrapjs/download/wordwrapjs-3.0.0.tgz#c94c372894cadc6feb1a66bff64e1d9af92c5d1e"
  dependencies:
    reduce-flatten "^1.0.1"
    typical "^2.6.1"

wrappy@1:
  version "1.0.2"
  resolved "http://registry.npm.taobao.org/wrappy/download/wrappy-1.0.2.tgz#b5243d8f3ec1aa35f1364605bc0d1036e30ab69f"

yargs@~3.10.0:
  version "3.10.0"
  resolved "http://registry.npm.taobao.org/yargs/download/yargs-3.10.0.tgz#f7ee7bd857dd7c1d2d38c0e74efbd681d1431fd1"
  dependencies:
    camelcase "^1.0.2"
    cliui "^2.1.0"
    decamelize "^1.0.0"
    window-size "0.1.0"
